
Microsoft Visual Studio Solution File, Format Version 12.00
# Visual Studio Version 16
VisualStudioVersion = 16.0.30413.136
MinimumVisualStudioVersion = 10.0.40219.1
Project("{9A19103F-16F7-4668-BE54-9A1E7A4F7556}") = "Shopping.Client", "Shopping.Client\Shopping.Client.csproj", "{B1436D6B-ABF4-480B-80F1-BD7DFD961E42}"
EndProject
Project("{FAE04EC0-301F-11D3-BF4B-00C04F79EFBC}") = "Shopping.API", "Shooping.API\Shopping.API.csproj", "{1F0047CD-5E2D-439C-8F61-11ABA97E97FC}"
EndProject
Global
	GlobalSection(SolutionConfigurationPlatforms) = preSolution
		Debug|Any CPU = Debug|Any CPU
		Release|Any CPU = Release|Any CPU
	EndGlobalSection
	GlobalSection(ProjectConfigurationPlatforms) = postSolution
		{B1436D6B-ABF4-480B-80F1-BD7DFD961E42}.Debug|Any CPU.ActiveCfg = Debug|Any CPU
		{B1436D6B-ABF4-480B-80F1-BD7DFD961E42}.Debug|Any CPU.Build.0 = Debug|Any CPU
		{B1436D6B-ABF4-480B-80F1-BD7DFD961E42}.Release|Any CPU.ActiveCfg = Release|Any CPU
		{B1436D6B-ABF4-480B-80F1-BD7DFD961E42}.Release|Any CPU.Build.0 = Release|Any CPU
		{1F0047CD-5E2D-439C-8F61-11ABA97E97FC}.Debug|Any CPU.ActiveCfg = Debug|Any CPU
		{1F0047CD-5E2D-439C-8F61-11ABA97E97FC}.Debug|Any CPU.Build.0 = Debug|Any CPU
		{1F0047CD-5E2D-439C-8F61-11ABA97E97FC}.Release|Any CPU.ActiveCfg = Release|Any CPU
		{1F0047CD-5E2D-439C-8F61-11ABA97E97FC}.Release|Any CPU.Build.0 = Release|Any CPU
	EndGlobalSection
	GlobalSection(SolutionProperties) = preSolution
		HideSolutionNode = FALSE
	EndGlobalSection
	GlobalSection(ExtensibilityGlobals) = postSolution
		SolutionGuid = {CE4F3548-E6BA-42D1-B70B-70A18484F85D}
	EndGlobalSection
EndGlobal
